// !$*UTF8*$!
{
	archiveVersion = 1;
	classes = {
	};
	objectVersion = 55;
	objects = {

/* Begin PBXBuildFile section */
		E936A6A0285ACC4F00355602 /* Quick in Frameworks */ = {isa = PBXBuildFile; productRef = E936A69F285ACC4F00355602 /* Quick */; };
		E936A6A3285ACC9B00355602 /* RxNimble in Frameworks */ = {isa = PBXBuildFile; productRef = E936A6A2285ACC9B00355602 /* RxNimble */; };
		E94B03DB285AC9EA005A981C /* AppDelegate.swift in Sources */ = {isa = PBXBuildFile; fileRef = E94B03DA285AC9EA005A981C /* AppDelegate.swift */; };
		E94B03DD285AC9EA005A981C /* SceneDelegate.swift in Sources */ = {isa = PBXBuildFile; fileRef = E94B03DC285AC9EA005A981C /* SceneDelegate.swift */; };
		E94B03DF285AC9EA005A981C /* ViewController.swift in Sources */ = {isa = PBXBuildFile; fileRef = E94B03DE285AC9EA005A981C /* ViewController.swift */; };
		E94B03E4285AC9EA005A981C /* Assets.xcassets in Resources */ = {isa = PBXBuildFile; fileRef = E94B03E3285AC9EA005A981C /* Assets.xcassets */; };
		E94B03E7285AC9EA005A981C /* LaunchScreen.storyboard in Resources */ = {isa = PBXBuildFile; fileRef = E94B03E5285AC9EA005A981C /* LaunchScreen.storyboard */; };
		E94B03F2285AC9EA005A981C /* RxTest_ExampleTests.swift in Sources */ = {isa = PBXBuildFile; fileRef = E94B03F1285AC9EA005A981C /* RxTest_ExampleTests.swift */; };
		E94B03FC285AC9EA005A981C /* RxTest_ExampleUITests.swift in Sources */ = {isa = PBXBuildFile; fileRef = E94B03FB285AC9EA005A981C /* RxTest_ExampleUITests.swift */; };
		E94B03FE285AC9EA005A981C /* RxTest_ExampleUITestsLaunchTests.swift in Sources */ = {isa = PBXBuildFile; fileRef = E94B03FD285AC9EA005A981C /* RxTest_ExampleUITestsLaunchTests.swift */; };
		E94B040C285ACB0C005A981C /* SnapKit in Frameworks */ = {isa = PBXBuildFile; productRef = E94B040B285ACB0C005A981C /* SnapKit */; };
/* End PBXBuildFile section */

/* Begin PBXContainerItemProxy section */
		E94B03EE285AC9EA005A981C /* PBXContainerItemProxy */ = {
			isa = PBXContainerItemProxy;
			containerPortal = E94B03CF285AC9EA005A981C /* Project object */;
			proxyType = 1;
			remoteGlobalIDString = E94B03D6285AC9EA005A981C;
			remoteInfo = "RxTest-Example";
		};
		E94B03F8285AC9EA005A981C /* PBXContainerItemProxy */ = {
			isa = PBXContainerItemProxy;
			containerPortal = E94B03CF285AC9EA005A981C /* Project object */;
			proxyType = 1;
			remoteGlobalIDString = E94B03D6285AC9EA005A981C;
			remoteInfo = "RxTest-Example";
		};
/* End PBXContainerItemProxy section */

/* Begin PBXFileReference section */
		E94B03D7285AC9EA005A981C /* RxTest-Example.app */ = {isa = PBXFileReference; explicitFileType = wrapper.application; includeInIndex = 0; path = "RxTest-Example.app"; sourceTree = BUILT_PRODUCTS_DIR; };
		E94B03DA285AC9EA005A981C /* AppDelegate.swift */ = {isa = PBXFileReference; lastKnownFileType = sourcecode.swift; path = AppDelegate.swift; sourceTree = "<group>"; };
		E94B03DC285AC9EA005A981C /* SceneDelegate.swift */ = {isa = PBXFileReference; lastKnownFileType = sourcecode.swift; path = SceneDelegate.swift; sourceTree = "<group>"; };
		E94B03DE285AC9EA005A981C /* ViewController.swift */ = {isa = PBXFileReference; lastKnownFileType = sourcecode.swift; path = ViewController.swift; sourceTree = "<group>"; };
		E94B03E3285AC9EA005A981C /* Assets.xcassets */ = {isa = PBXFileReference; lastKnownFileType = folder.assetcatalog; path = Assets.xcassets; sourceTree = "<group>"; };
		E94B03E6285AC9EA005A981C /* Base */ = {isa = PBXFileReference; lastKnownFileType = file.storyboard; name = Base; path = Base.lproj/LaunchScreen.storyboard; sourceTree = "<group>"; };
		E94B03E8285AC9EA005A981C /* Info.plist */ = {isa = PBXFileReference; lastKnownFileType = text.plist.xml; path = Info.plist; sourceTree = "<group>"; };
		E94B03ED285AC9EA005A981C /* RxTest-ExampleTests.xctest */ = {isa = PBXFileReference; explicitFileType = wrapper.cfbundle; includeInIndex = 0; path = "RxTest-ExampleTests.xctest"; sourceTree = BUILT_PRODUCTS_DIR; };
		E94B03F1285AC9EA005A981C /* RxTest_ExampleTests.swift */ = {isa = PBXFileReference; lastKnownFileType = sourcecode.swift; path = RxTest_ExampleTests.swift; sourceTree = "<group>"; };
		E94B03F7285AC9EA005A981C /* RxTest-ExampleUITests.xctest */ = {isa = PBXFileReference; explicitFileType = wrapper.cfbundle; includeInIndex = 0; path = "RxTest-ExampleUITests.xctest"; sourceTree = BUILT_PRODUCTS_DIR; };
		E94B03FB285AC9EA005A981C /* RxTest_ExampleUITests.swift */ = {isa = PBXFileReference; lastKnownFileType = sourcecode.swift; path = RxTest_ExampleUITests.swift; sourceTree = "<group>"; };
		E94B03FD285AC9EA005A981C /* RxTest_ExampleUITestsLaunchTests.swift */ = {isa = PBXFileReference; lastKnownFileType = sourcecode.swift; path = RxTest_ExampleUITestsLaunchTests.swift; sourceTree = "<group>"; };
/* End PBXFileReference section */

/* Begin PBXFrameworksBuildPhase section */
		E94B03D4285AC9EA005A981C /* Frameworks */ = {
			isa = PBXFrameworksBuildPhase;
			buildActionMask = 2147483647;
			files = (
				E94B040C285ACB0C005A981C /* SnapKit in Frameworks */,
			);
			runOnlyForDeploymentPostprocessing = 0;
		};
		E94B03EA285AC9EA005A981C /* Frameworks */ = {
			isa = PBXFrameworksBuildPhase;
			buildActionMask = 2147483647;
			files = (
				E936A6A0285ACC4F00355602 /* Quick in Frameworks */,
				E936A6A3285ACC9B00355602 /* RxNimble in Frameworks */,
			);
			runOnlyForDeploymentPostprocessing = 0;
		};
		E94B03F4285AC9EA005A981C /* Frameworks */ = {
			isa = PBXFrameworksBuildPhase;
			buildActionMask = 2147483647;
			files = (
			);
			runOnlyForDeploymentPostprocessing = 0;
		};
/* End PBXFrameworksBuildPhase section */

/* Begin PBXGroup section */
		E94B03CE285AC9EA005A981C = {
			isa = PBXGroup;
			children = (
				E94B03D9285AC9EA005A981C /* RxTest-Example */,
				E94B03F0285AC9EA005A981C /* RxTest-ExampleTests */,
				E94B03FA285AC9EA005A981C /* RxTest-ExampleUITests */,
				E94B03D8285AC9EA005A981C /* Products */,
			);
			sourceTree = "<group>";
		};
		E94B03D8285AC9EA005A981C /* Products */ = {
			isa = PBXGroup;
			children = (
				E94B03D7285AC9EA005A981C /* RxTest-Example.app */,
				E94B03ED285AC9EA005A981C /* RxTest-ExampleTests.xctest */,
				E94B03F7285AC9EA005A981C /* RxTest-ExampleUITests.xctest */,
			);
			name = Products;
			sourceTree = "<group>";
		};
		E94B03D9285AC9EA005A981C /* RxTest-Example */ = {
			isa = PBXGroup;
			children = (
				E94B03DA285AC9EA005A981C /* AppDelegate.swift */,
				E94B03DC285AC9EA005A981C /* SceneDelegate.swift */,
				E94B03DE285AC9EA005A981C /* ViewController.swift */,
				E94B03E3285AC9EA005A981C /* Assets.xcassets */,
				E94B03E5285AC9EA005A981C /* LaunchScreen.storyboard */,
				E94B03E8285AC9EA005A981C /* Info.plist */,
			);
			path = "RxTest-Example";
			sourceTree = "<group>";
		};
		E94B03F0285AC9EA005A981C /* RxTest-ExampleTests */ = {
			isa = PBXGroup;
			children = (
				E94B03F1285AC9EA005A981C /* RxTest_ExampleTests.swift */,
			);
			path = "RxTest-ExampleTests";
			sourceTree = "<group>";
		};
		E94B03FA285AC9EA005A981C /* RxTest-ExampleUITests */ = {
			isa = PBXGroup;
			children = (
				E94B03FB285AC9EA005A981C /* RxTest_ExampleUITests.swift */,
				E94B03FD285AC9EA005A981C /* RxTest_ExampleUITestsLaunchTests.swift */,
			);
			path = "RxTest-ExampleUITests";
			sourceTree = "<group>";
		};
/* End PBXGroup section */

/* Begin PBXNativeTarget section */
		E94B03D6285AC9EA005A981C /* RxTest-Example */ = {
			isa = PBXNativeTarget;
			buildConfigurationList = E94B0401285AC9EA005A981C /* Build configuration list for PBXNativeTarget "RxTest-Example" */;
			buildPhases = (
				E94B03D3285AC9EA005A981C /* Sources */,
				E94B03D4285AC9EA005A981C /* Frameworks */,
				E94B03D5285AC9EA005A981C /* Resources */,
			);
			buildRules = (
			);
			dependencies = (
			);
			name = "RxTest-Example";
			packageProductDependencies = (
				E94B040B285ACB0C005A981C /* SnapKit */,
			);
			productName = "RxTest-Example";
			productReference = E94B03D7285AC9EA005A981C /* RxTest-Example.app */;
			productType = "com.apple.product-type.application";
		};
		E94B03EC285AC9EA005A981C /* RxTest-ExampleTests */ = {
			isa = PBXNativeTarget;
			buildConfigurationList = E94B0404285AC9EA005A981C /* Build configuration list for PBXNativeTarget "RxTest-ExampleTests" */;
			buildPhases = (
				E94B03E9285AC9EA005A981C /* Sources */,
				E94B03EA285AC9EA005A981C /* Frameworks */,
				E94B03EB285AC9EA005A981C /* Resources */,
			);
			buildRules = (
			);
			dependencies = (
				E94B03EF285AC9EA005A981C /* PBXTargetDependency */,
			);
			name = "RxTest-ExampleTests";
			packageProductDependencies = (
				E936A69F285ACC4F00355602 /* Quick */,
				E936A6A2285ACC9B00355602 /* RxNimble */,
			);
			productName = "RxTest-ExampleTests";
			productReference = E94B03ED285AC9EA005A981C /* RxTest-ExampleTests.xctest */;
			productType = "com.apple.product-type.bundle.unit-test";
		};
		E94B03F6285AC9EA005A981C /* RxTest-ExampleUITests */ = {
			isa = PBXNativeTarget;
			buildConfigurationList = E94B0407285AC9EA005A981C /* Build configuration list for PBXNativeTarget "RxTest-ExampleUITests" */;
			buildPhases = (
				E94B03F3285AC9EA005A981C /* Sources */,
				E94B03F4285AC9EA005A981C /* Frameworks */,
				E94B03F5285AC9EA005A981C /* Resources */,
			);
			buildRules = (
			);
			dependencies = (
				E94B03F9285AC9EA005A981C /* PBXTargetDependency */,
			);
			name = "RxTest-ExampleUITests";
			productName = "RxTest-ExampleUITests";
			productReference = E94B03F7285AC9EA005A981C /* RxTest-ExampleUITests.xctest */;
			productType = "com.apple.product-type.bundle.ui-testing";
		};
/* End PBXNativeTarget section */

/* Begin PBXProject section */
		E94B03CF285AC9EA005A981C /* Project object */ = {
			isa = PBXProject;
			attributes = {
				BuildIndependentTargetsInParallel = 1;
				LastSwiftUpdateCheck = 1330;
				LastUpgradeCheck = 1330;
				TargetAttributes = {
					E94B03D6285AC9EA005A981C = {
						CreatedOnToolsVersion = 13.3;
					};
					E94B03EC285AC9EA005A981C = {
						CreatedOnToolsVersion = 13.3;
						TestTargetID = E94B03D6285AC9EA005A981C;
					};
					E94B03F6285AC9EA005A981C = {
						CreatedOnToolsVersion = 13.3;
						TestTargetID = E94B03D6285AC9EA005A981C;
					};
				};
			};
			buildConfigurationList = E94B03D2285AC9EA005A981C /* Build configuration list for PBXProject "RxTest-Example" */;
			compatibilityVersion = "Xcode 13.0";
			developmentRegion = en;
			hasScannedForEncodings = 0;
			knownRegions = (
				en,
				Base,
			);
			mainGroup = E94B03CE285AC9EA005A981C;
			packageReferences = (
				E94B040A285ACB0C005A981C /* XCRemoteSwiftPackageReference "SnapKit" */,
				E936A69E285ACC4F00355602 /* XCRemoteSwiftPackageReference "Quick" */,
				E936A6A1285ACC9B00355602 /* XCRemoteSwiftPackageReference "RxNimble" */,
			);
			productRefGroup = E94B03D8285AC9EA005A981C /* Products */;
			projectDirPath = "";
			projectRoot = "";
			targets = (
				E94B03D6285AC9EA005A981C /* RxTest-Example */,
				E94B03EC285AC9EA005A981C /* RxTest-ExampleTests */,
				E94B03F6285AC9EA005A981C /* RxTest-ExampleUITests */,
			);
		};
/* End PBXProject section */

/* Begin PBXResourcesBuildPhase section */
		E94B03D5285AC9EA005A981C /* Resources */ = {
			isa = PBXResourcesBuildPhase;
			buildActionMask = 2147483647;
			files = (
				E94B03E7285AC9EA005A981C /* LaunchScreen.storyboard in Resources */,
				E94B03E4285AC9EA005A981C /* Assets.xcassets in Resources */,
			);
			runOnlyForDeploymentPostprocessing = 0;
		};
		E94B03EB285AC9EA005A981C /* Resources */ = {
			isa = PBXResourcesBuildPhase;
			buildActionMask = 2147483647;
			files = (
			);
			runOnlyForDeploymentPostprocessing = 0;
		};
		E94B03F5285AC9EA005A981C /* Resources */ = {
			isa = PBXResourcesBuildPhase;
			buildActionMask = 2147483647;
			files = (
			);
			runOnlyForDeploymentPostprocessing = 0;
		};
/* End PBXResourcesBuildPhase section */

/* Begin PBXSourcesBuildPhase section */
		E94B03D3285AC9EA005A981C /* Sources */ = {
			isa = PBXSourcesBuildPhase;
			buildActionMask = 2147483647;
			files = (
				E94B03DF285AC9EA005A981C /* ViewController.swift in Sources */,
				E94B03DB285AC9EA005A981C /* AppDelegate.swift in Sources */,
				E94B03DD285AC9EA005A981C /* SceneDelegate.swift in Sources */,
			);
			runOnlyForDeploymentPostprocessing = 0;
		};
		E94B03E9285AC9EA005A981C /* Sources */ = {
			isa = PBXSourcesBuildPhase;
			buildActionMask = 2147483647;
			files = (
				E94B03F2285AC9EA005A981C /* RxTest_ExampleTests.swift in Sources */,
			);
			runOnlyForDeploymentPostprocessing = 0;
		};
		E94B03F3285AC9EA005A981C /* Sources */ = {
			isa = PBXSourcesBuildPhase;
			buildActionMask = 2147483647;
			files = (
				E94B03FC285AC9EA005A981C /* RxTest_ExampleUITests.swift in Sources */,
				E94B03FE285AC9EA005A981C /* RxTest_ExampleUITestsLaunchTests.swift in Sources */,
			);
			runOnlyForDeploymentPostprocessing = 0;
		};
/* End PBXSourcesBuildPhase section */

/* Begin PBXTargetDependency section */
		E94B03EF285AC9EA005A981C /* PBXTargetDependency */ = {
			isa = PBXTargetDependency;
			target = E94B03D6285AC9EA005A981C /* RxTest-Example */;
			targetProxy = E94B03EE285AC9EA005A981C /* PBXContainerItemProxy */;
		};
		E94B03F9285AC9EA005A981C /* PBXTargetDependency */ = {
			isa = PBXTargetDependency;
			target = E94B03D6285AC9EA005A981C /* RxTest-Example */;
			targetProxy = E94B03F8285AC9EA005A981C /* PBXContainerItemProxy */;
		};
/* End PBXTargetDependency section */

/* Begin PBXVariantGroup section */
		E94B03E5285AC9EA005A981C /* LaunchScreen.storyboard */ = {
			isa = PBXVariantGroup;
			children = (
				E94B03E6285AC9EA005A981C /* Base */,
			);
			name = LaunchScreen.storyboard;
			sourceTree = "<group>";
		};
/* End PBXVariantGroup section */

/* Begin XCBuildConfiguration section */
		E94B03FF285AC9EA005A981C /* Debug */ = {
			isa = XCBuildConfiguration;
			buildSettings = {
				ALWAYS_SEARCH_USER_PATHS = NO;
				CLANG_ANALYZER_NONNULL = YES;
				CLANG_ANALYZER_NUMBER_OBJECT_CONVERSION = YES_AGGRESSIVE;
				CLANG_CXX_LANGUAGE_STANDARD = "gnu++17";
				CLANG_ENABLE_MODULES = YES;
				CLANG_ENABLE_OBJC_ARC = YES;
				CLANG_ENABLE_OBJC_WEAK = YES;
				CLANG_WARN_BLOCK_CAPTURE_AUTORELEASING = YES;
				CLANG_WARN_BOOL_CONVERSION = YES;
				CLANG_WARN_COMMA = YES;
				CLANG_WARN_CONSTANT_CONVERSION = YES;
				CLANG_WARN_DEPRECATED_OBJC_IMPLEMENTATIONS = YES;
				CLANG_WARN_DIRECT_OBJC_ISA_USAGE = YES_ERROR;
				CLANG_WARN_DOCUMENTATION_COMMENTS = YES;
				CLANG_WARN_EMPTY_BODY = YES;
				CLANG_WARN_ENUM_CONVERSION = YES;
				CLANG_WARN_INFINITE_RECURSION = YES;
				CLANG_WARN_INT_CONVERSION = YES;
				CLANG_WARN_NON_LITERAL_NULL_CONVERSION = YES;
				CLANG_WARN_OBJC_IMPLICIT_RETAIN_SELF = YES;
				CLANG_WARN_OBJC_LITERAL_CONVERSION = YES;
				CLANG_WARN_OBJC_ROOT_CLASS = YES_ERROR;
				CLANG_WARN_QUOTED_INCLUDE_IN_FRAMEWORK_HEADER = YES;
				CLANG_WARN_RANGE_LOOP_ANALYSIS = YES;
				CLANG_WARN_STRICT_PROTOTYPES = YES;
				CLANG_WARN_SUSPICIOUS_MOVE = YES;
				CLANG_WARN_UNGUARDED_AVAILABILITY = YES_AGGRESSIVE;
				CLANG_WARN_UNREACHABLE_CODE = YES;
				CLANG_WARN__DUPLICATE_METHOD_MATCH = YES;
				COPY_PHASE_STRIP = NO;
				DEBUG_INFORMATION_FORMAT = dwarf;
				ENABLE_STRICT_OBJC_MSGSEND = YES;
				ENABLE_TESTABILITY = YES;
				GCC_C_LANGUAGE_STANDARD = gnu11;
				GCC_DYNAMIC_NO_PIC = NO;
				GCC_NO_COMMON_BLOCKS = YES;
				GCC_OPTIMIZATION_LEVEL = 0;
				GCC_PREPROCESSOR_DEFINITIONS = (
					"DEBUG=1",
					"$(inherited)",
				);
				GCC_WARN_64_TO_32_BIT_CONVERSION = YES;
				GCC_WARN_ABOUT_RETURN_TYPE = YES_ERROR;
				GCC_WARN_UNDECLARED_SELECTOR = YES;
				GCC_WARN_UNINITIALIZED_AUTOS = YES_AGGRESSIVE;
				GCC_WARN_UNUSED_FUNCTION = YES;
				GCC_WARN_UNUSED_VARIABLE = YES;
				IPHONEOS_DEPLOYMENT_TARGET = 15.4;
				MTL_ENABLE_DEBUG_INFO = INCLUDE_SOURCE;
				MTL_FAST_MATH = YES;
				ONLY_ACTIVE_ARCH = YES;
				SDKROOT = iphoneos;
				SWIFT_ACTIVE_COMPILATION_CONDITIONS = DEBUG;
				SWIFT_OPTIMIZATION_LEVEL = "-Onone";
			};
			name = Debug;
		};
		E94B0400285AC9EA005A981C /* Release */ = {
			isa = XCBuildConfiguration;
			buildSettings = {
				ALWAYS_SEARCH_USER_PATHS = NO;
				CLANG_ANALYZER_NONNULL = YES;
				CLANG_ANALYZER_NUMBER_OBJECT_CONVERSION = YES_AGGRESSIVE;
				CLANG_CXX_LANGUAGE_STANDARD = "gnu++17";
				CLANG_ENABLE_MODULES = YES;
				CLANG_ENABLE_OBJC_ARC = YES;
				CLANG_ENABLE_OBJC_WEAK = YES;
				CLANG_WARN_BLOCK_CAPTURE_AUTORELEASING = YES;
				CLANG_WARN_BOOL_CONVERSION = YES;
				CLANG_WARN_COMMA = YES;
				CLANG_WARN_CONSTANT_CONVERSION = YES;
				CLANG_WARN_DEPRECATED_OBJC_IMPLEMENTATIONS = YES;
				CLANG_WARN_DIRECT_OBJC_ISA_USAGE = YES_ERROR;
				CLANG_WARN_DOCUMENTATION_COMMENTS = YES;
				CLANG_WARN_EMPTY_BODY = YES;
				CLANG_WARN_ENUM_CONVERSION = YES;
				CLANG_WARN_INFINITE_RECURSION = YES;
				CLANG_WARN_INT_CONVERSION = YES;
				CLANG_WARN_NON_LITERAL_NULL_CONVERSION = YES;
				CLANG_WARN_OBJC_IMPLICIT_RETAIN_SELF = YES;
				CLANG_WARN_OBJC_LITERAL_CONVERSION = YES;
				CLANG_WARN_OBJC_ROOT_CLASS = YES_ERROR;
				CLANG_WARN_QUOTED_INCLUDE_IN_FRAMEWORK_HEADER = YES;
				CLANG_WARN_RANGE_LOOP_ANALYSIS = YES;
				CLANG_WARN_STRICT_PROTOTYPES = YES;
				CLANG_WARN_SUSPICIOUS_MOVE = YES;
				CLANG_WARN_UNGUARDED_AVAILABILITY = YES_AGGRESSIVE;
				CLANG_WARN_UNREACHABLE_CODE = YES;
				CLANG_WARN__DUPLICATE_METHOD_MATCH = YES;
				COPY_PHASE_STRIP = NO;
				DEBUG_INFORMATION_FORMAT = "dwarf-with-dsym";
				ENABLE_NS_ASSERTIONS = NO;
				ENABLE_STRICT_OBJC_MSGSEND = YES;
				GCC_C_LANGUAGE_STANDARD = gnu11;
				GCC_NO_COMMON_BLOCKS = YES;
				GCC_WARN_64_TO_32_BIT_CONVERSION = YES;
				GCC_WARN_ABOUT_RETURN_TYPE = YES_ERROR;
				GCC_WARN_UNDECLARED_SELECTOR = YES;
				GCC_WARN_UNINITIALIZED_AUTOS = YES_AGGRESSIVE;
				GCC_WARN_UNUSED_FUNCTION = YES;
				GCC_WARN_UNUSED_VARIABLE = YES;
				IPHONEOS_DEPLOYMENT_TARGET = 15.4;
				MTL_ENABLE_DEBUG_INFO = NO;
				MTL_FAST_MATH = YES;
				SDKROOT = iphoneos;
				SWIFT_COMPILATION_MODE = wholemodule;
				SWIFT_OPTIMIZATION_LEVEL = "-O";
				VALIDATE_PRODUCT = YES;
			};
			name = Release;
		};
		E94B0402285AC9EA005A981C /* Debug */ = {
			isa = XCBuildConfiguration;
			buildSettings = {
				ASSETCATALOG_COMPILER_APPICON_NAME = AppIcon;
				ASSETCATALOG_COMPILER_GLOBAL_ACCENT_COLOR_NAME = AccentColor;
				CODE_SIGN_STYLE = Automatic;
				CURRENT_PROJECT_VERSION = 1;
				DEVELOPMENT_TEAM = 7T8JF3V3RR;
				GENERATE_INFOPLIST_FILE = YES;
				INFOPLIST_FILE = "RxTest-Example/Info.plist";
				INFOPLIST_KEY_UIApplicationSupportsIndirectInputEvents = YES;
				INFOPLIST_KEY_UILaunchStoryboardName = LaunchScreen;
				INFOPLIST_KEY_UIMainStoryboardFile = Main;
				INFOPLIST_KEY_UISupportedInterfaceOrientations_iPad = "UIInterfaceOrientationPortrait UIInterfaceOrientationPortraitUpsideDown UIInterfaceOrientationLandscapeLeft UIInterfaceOrientationLandscapeRight";
				INFOPLIST_KEY_UISupportedInterfaceOrientations_iPhone = "UIInterfaceOrientationPortrait UIInterfaceOrientationLandscapeLeft UIInterfaceOrientationLandscapeRight";
				LD_RUNPATH_SEARCH_PATHS = (
					"$(inherited)",
					"@executable_path/Frameworks",
				);
				MARKETING_VERSION = 1.0;
				PRODUCT_BUNDLE_IDENTIFIER = "com.minan.RxTest-Example";
				PRODUCT_NAME = "$(TARGET_NAME)";
				SWIFT_EMIT_LOC_STRINGS = YES;
				SWIFT_VERSION = 5.0;
				TARGETED_DEVICE_FAMILY = "1,2";
			};
			name = Debug;
		};
		E94B0403285AC9EA005A981C /* Release */ = {
			isa = XCBuildConfiguration;
			buildSettings = {
				ASSETCATALOG_COMPILER_APPICON_NAME = AppIcon;
				ASSETCATALOG_COMPILER_GLOBAL_ACCENT_COLOR_NAME = AccentColor;
				CODE_SIGN_STYLE = Automatic;
				CURRENT_PROJECT_VERSION = 1;
				DEVELOPMENT_TEAM = 7T8JF3V3RR;
				GENERATE_INFOPLIST_FILE = YES;
				INFOPLIST_FILE = "RxTest-Example/Info.plist";
				INFOPLIST_KEY_UIApplicationSupportsIndirectInputEvents = YES;
				INFOPLIST_KEY_UILaunchStoryboardName = LaunchScreen;
				INFOPLIST_KEY_UIMainStoryboardFile = Main;
				INFOPLIST_KEY_UISupportedInterfaceOrientations_iPad = "UIInterfaceOrientationPortrait UIInterfaceOrientationPortraitUpsideDown UIInterfaceOrientationLandscapeLeft UIInterfaceOrientationLandscapeRight";
				INFOPLIST_KEY_UISupportedInterfaceOrientations_iPhone = "UIInterfaceOrientationPortrait UIInterfaceOrientationLandscapeLeft UIInterfaceOrientationLandscapeRight";
				LD_RUNPATH_SEARCH_PATHS = (
					"$(inherited)",
					"@executable_path/Frameworks",
				);
				MARKETING_VERSION = 1.0;
				PRODUCT_BUNDLE_IDENTIFIER = "com.minan.RxTest-Example";
				PRODUCT_NAME = "$(TARGET_NAME)";
				SWIFT_EMIT_LOC_STRINGS = YES;
				SWIFT_VERSION = 5.0;
				TARGETED_DEVICE_FAMILY = "1,2";
			};
			name = Release;
		};
		E94B0405285AC9EA005A981C /* Debug */ = {
			isa = XCBuildConfiguration;
			buildSettings = {
				ALWAYS_EMBED_SWIFT_STANDARD_LIBRARIES = YES;
				BUNDLE_LOADER = "$(TEST_HOST)";
				CODE_SIGN_STYLE = Automatic;
				CURRENT_PROJECT_VERSION = 1;
				DEVELOPMENT_TEAM = 7T8JF3V3RR;
				GENERATE_INFOPLIST_FILE = YES;
				IPHONEOS_DEPLOYMENT_TARGET = 15.4;
				MARKETING_VERSION = 1.0;
				PRODUCT_BUNDLE_IDENTIFIER = "com.minan.RxTest-ExampleTests";
				PRODUCT_NAME = "$(TARGET_NAME)";
				SWIFT_EMIT_LOC_STRINGS = NO;
				SWIFT_VERSION = 5.0;
				TARGETED_DEVICE_FAMILY = "1,2";
				TEST_HOST = "$(BUILT_PRODUCTS_DIR)/RxTest-Example.app/RxTest-Example";
			};
			name = Debug;
		};
		E94B0406285AC9EA005A981C /* Release */ = {
			isa = XCBuildConfiguration;
			buildSettings = {
				ALWAYS_EMBED_SWIFT_STANDARD_LIBRARIES = YES;
				BUNDLE_LOADER = "$(TEST_HOST)";
				CODE_SIGN_STYLE = Automatic;
				CURRENT_PROJECT_VERSION = 1;
				DEVELOPMENT_TEAM = 7T8JF3V3RR;
				GENERATE_INFOPLIST_FILE = YES;
				IPHONEOS_DEPLOYMENT_TARGET = 15.4;
				MARKETING_VERSION = 1.0;
				PRODUCT_BUNDLE_IDENTIFIER = "com.minan.RxTest-ExampleTests";
				PRODUCT_NAME = "$(TARGET_NAME)";
				SWIFT_EMIT_LOC_STRINGS = NO;
				SWIFT_VERSION = 5.0;
				TARGETED_DEVICE_FAMILY = "1,2";
				TEST_HOST = "$(BUILT_PRODUCTS_DIR)/RxTest-Example.app/RxTest-Example";
			};
			name = Release;
		};
		E94B0408285AC9EA005A981C /* Debug */ = {
			isa = XCBuildConfiguration;
			buildSettings = {
				ALWAYS_EMBED_SWIFT_STANDARD_LIBRARIES = YES;
				CODE_SIGN_STYLE = Automatic;
				CURRENT_PROJECT_VERSION = 1;
				DEVELOPMENT_TEAM = 7T8JF3V3RR;
				GENERATE_INFOPLIST_FILE = YES;
				MARKETING_VERSION = 1.0;
				PRODUCT_BUNDLE_IDENTIFIER = "com.minan.RxTest-ExampleUITests";
				PRODUCT_NAME = "$(TARGET_NAME)";
				SWIFT_EMIT_LOC_STRINGS = NO;
				SWIFT_VERSION = 5.0;
				TARGETED_DEVICE_FAMILY = "1,2";
				TEST_TARGET_NAME = "RxTest-Example";
			};
			name = Debug;
		};
		E94B0409285AC9EA005A981C /* Release */ = {
			isa = XCBuildConfiguration;
			buildSettings = {
				ALWAYS_EMBED_SWIFT_STANDARD_LIBRARIES = YES;
				CODE_SIGN_STYLE = Automatic;
				CURRENT_PROJECT_VERSION = 1;
				DEVELOPMENT_TEAM = 7T8JF3V3RR;
				GENERATE_INFOPLIST_FILE = YES;
				MARKETING_VERSION = 1.0;
				PRODUCT_BUNDLE_IDENTIFIER = "com.minan.RxTest-ExampleUITests";
				PRODUCT_NAME = "$(TARGET_NAME)";
				SWIFT_EMIT_LOC_STRINGS = NO;
				SWIFT_VERSION = 5.0;
				TARGETED_DEVICE_FAMILY = "1,2";
				TEST_TARGET_NAME = "RxTest-Example";
			};
			name = Release;
		};
/* End XCBuildConfiguration section */

/* Begin XCConfigurationList section */
		E94B03D2285AC9EA005A981C /* Build configuration list for PBXProject "RxTest-Example" */ = {
			isa = XCConfigurationList;
			buildConfigurations = (
				E94B03FF285AC9EA005A981C /* Debug */,
				E94B0400285AC9EA005A981C /* Release */,
			);
			defaultConfigurationIsVisible = 0;
			defaultConfigurationName = Release;
		};
		E94B0401285AC9EA005A981C /* Build configuration list for PBXNativeTarget "RxTest-Example" */ = {
			isa = XCConfigurationList;
			buildConfigurations = (
				E94B0402285AC9EA005A981C /* Debug */,
				E94B0403285AC9EA005A981C /* Release */,
			);
			defaultConfigurationIsVisible = 0;
			defaultConfigurationName = Release;
		};
		E94B0404285AC9EA005A981C /* Build configuration list for PBXNativeTarget "RxTest-ExampleTests" */ = {
			isa = XCConfigurationList;
			buildConfigurations = (
				E94B0405285AC9EA005A981C /* Debug */,
				E94B0406285AC9EA005A981C /* Release */,
			);
			defaultConfigurationIsVisible = 0;
			defaultConfigurationName = Release;
		};
		E94B0407285AC9EA005A981C /* Build configuration list for PBXNativeTarget "RxTest-ExampleUITests" */ = {
			isa = XCConfigurationList;
			buildConfigurations = (
				E94B0408285AC9EA005A981C /* Debug */,
				E94B0409285AC9EA005A981C /* Release */,
			);
			defaultConfigurationIsVisible = 0;
			defaultConfigurationName = Release;
		};
/* End XCConfigurationList section */

/* Begin XCRemoteSwiftPackageReference section */
		E936A69E285ACC4F00355602 /* XCRemoteSwiftPackageReference "Quick" */ = {
			isa = XCRemoteSwiftPackageReference;
			repositoryURL = "https://github.com/Quick/Quick.git";
			requirement = {
				kind = upToNextMajorVersion;
				minimumVersion = 5.0.1;
			};
		};
		E936A6A1285ACC9B00355602 /* XCRemoteSwiftPackageReference "RxNimble" */ = {
			isa = XCRemoteSwiftPackageReference;
			repositoryURL = "https://github.com/RxSwiftCommunity/RxNimble.git";
			requirement = {
				kind = exactVersion;
				version = 5.1.2;
			};
		};
		E94B040A285ACB0C005A981C /* XCRemoteSwiftPackageReference "SnapKit" */ = {
			isa = XCRemoteSwiftPackageReference;
			repositoryURL = "https://github.com/SnapKit/SnapKit.git";
			requirement = {
				kind = upToNextMajorVersion;
				minimumVersion = 5.0.0;
			};
		};
/* End XCRemoteSwiftPackageReference section */

/* Begin XCSwiftPackageProductDependency section */
		E936A69F285ACC4F00355602 /* Quick */ = {
			isa = XCSwiftPackageProductDependency;
			package = E936A69E285ACC4F00355602 /* XCRemoteSwiftPackageReference "Quick" */;
			productName = Quick;
		};
		E936A6A2285ACC9B00355602 /* RxNimble */ = {
			isa = XCSwiftPackageProductDependency;
			package = E936A6A1285ACC9B00355602 /* XCRemoteSwiftPackageReference "RxNimble" */;
			productName = RxNimble;
		};
		E94B040B285ACB0C005A981C /* SnapKit */ = {
			isa = XCSwiftPackageProductDependency;
			package = E94B040A285ACB0C005A981C /* XCRemoteSwiftPackageReference "SnapKit" */;
			productName = SnapKit;
		};
/* End XCSwiftPackageProductDependency section */
	};
	rootObject = E94B03CF285AC9EA005A981C /* Project object */;
}
